
Microsoft Visual Studio Solution File, Format Version 12.00
# Visual Studio Version 17
VisualStudioVersion = 17.12.35707.178
MinimumVisualStudioVersion = 10.0.40219.1
Project("{FAE04EC0-301F-11D3-BF4B-00C04F79EFBC}") = "Chmura1", "Chmura\Chmura1.csproj", "{DF61C513-D9AD-4A6D-874C-F328AC723536}"
EndProject
Project("{FAE04EC0-301F-11D3-BF4B-00C04F79EFBC}") = "Aplication1", "Aplication\Aplication1.csproj", "{A06F2CF0-E50B-4A24-90A3-E35A5279C98C}"
EndProject
Project("{FAE04EC0-301F-11D3-BF4B-00C04F79EFBC}") = "Domain1", "Domain\Domain1.csproj", "{37DE02AD-8736-44F4-8F13-ADBA54BC3B7A}"
EndProject
Project("{2150E333-8FDC-42A3-9474-1A3956D46DE8}") = "Bestiariusz", "Bestiariusz", "{9989114A-5885-40C7-946A-256A7E98AFEB}"
EndProject
Project("{2150E333-8FDC-42A3-9474-1A3956D46DE8}") = "Biblioteka", "Biblioteka", "{CE1BB40E-FDF2-4A6D-9B6E-2CA9D4116F3B}"
EndProject
Project("{FAE04EC0-301F-11D3-BF4B-00C04F79EFBC}") = "Chmura2", "Chmura2\Chmura2.csproj", "{CF56311A-11F2-49E1-9AC6-B7D797E60639}"
EndProject
Project("{2150E333-8FDC-42A3-9474-1A3956D46DE8}") = "Potwór", "Potwór", "{A0F61D76-AF59-4E91-A442-A117BDF8DE37}"
EndProject
Project("{2150E333-8FDC-42A3-9474-1A3956D46DE8}") = "GeneratorRzutów", "GeneratorRzutów", "{53874A80-C156-4415-902B-C5DDC74B3C1E}"
EndProject
Project("{2150E333-8FDC-42A3-9474-1A3956D46DE8}") = "KalkulatorObrazen", "KalkulatorObrazen", "{19BD30FF-6991-4F33-9B91-8A266D15691F}"
EndProject
Project("{2150E333-8FDC-42A3-9474-1A3956D46DE8}") = "Gracz", "Gracz", "{D379131A-0EEA-4163-BF85-1FC196465D14}"
EndProject
Project("{2150E333-8FDC-42A3-9474-1A3956D46DE8}") = "MistrzGry", "MistrzGry", "{523F21F7-550C-4EAE-8F08-06593DFB0A7E}"
EndProject
Project("{FAE04EC0-301F-11D3-BF4B-00C04F79EFBC}") = "Aplication2", "Aplication2\Aplication2.csproj", "{A9E55FBD-1E4E-4906-9E62-80F92504B900}"
EndProject
Project("{FAE04EC0-301F-11D3-BF4B-00C04F79EFBC}") = "Domain2", "Domain2\Domain2.csproj", "{673432FB-177C-4003-AF54-F2F98C3C885F}"
EndProject
Project("{FAE04EC0-301F-11D3-BF4B-00C04F79EFBC}") = "Aplication3", "Aplication3\Aplication3.csproj", "{93DAAC42-5CB0-43F7-98B5-FEF8251D0B24}"
EndProject
Project("{FAE04EC0-301F-11D3-BF4B-00C04F79EFBC}") = "Domain3", "Domain3\Domain3.csproj", "{CB5D0DDA-365B-43BC-BCC4-5003B2585B5C}"
EndProject
Project("{FAE04EC0-301F-11D3-BF4B-00C04F79EFBC}") = "Chmura3", "Chmura3\Chmura3.csproj", "{DF48B0D2-9A65-45AA-A9E2-5549D6DDC71C}"
EndProject
Project("{FAE04EC0-301F-11D3-BF4B-00C04F79EFBC}") = "Chmura4", "Chmura4\Chmura4.csproj", "{DBC08D6B-C8B3-4620-9718-AE4DBD4044C7}"
EndProject
Project("{FAE04EC0-301F-11D3-BF4B-00C04F79EFBC}") = "Chmura5", "Chmura5\Chmura5.csproj", "{4F4E4088-540B-46FD-91D5-05797892F0CA}"
EndProject
Project("{FAE04EC0-301F-11D3-BF4B-00C04F79EFBC}") = "Chmura6", "Chmura6\Chmura6.csproj", "{942FA5C5-6AA2-4055-845B-84302F8E2F4D}"
EndProject
Project("{FAE04EC0-301F-11D3-BF4B-00C04F79EFBC}") = "Chmura7", "Chmura7\Chmura7.csproj", "{9529397F-7460-4860-BC83-C6DCDAB9E4E0}"
EndProject
Project("{FAE04EC0-301F-11D3-BF4B-00C04F79EFBC}") = "Aplication4", "Aplication4\Aplication4.csproj", "{05A130BD-7E8D-42FB-B881-CCA986AF9D38}"
EndProject
Project("{FAE04EC0-301F-11D3-BF4B-00C04F79EFBC}") = "Aplication5", "Aplication5\Aplication5.csproj", "{98B65FF4-C99E-45FE-882B-EA56EFA26F10}"
EndProject
Project("{FAE04EC0-301F-11D3-BF4B-00C04F79EFBC}") = "Aplication6", "Aplication6\Aplication6.csproj", "{583818A1-21BE-4D40-BDEB-CFC161A57E8A}"
EndProject
Project("{FAE04EC0-301F-11D3-BF4B-00C04F79EFBC}") = "Aplication7", "Aplication7\Aplication7.csproj", "{D1064015-BEFF-4843-988E-691FA17F9BB1}"
EndProject
Project("{FAE04EC0-301F-11D3-BF4B-00C04F79EFBC}") = "Domain4", "Domain4\Domain4.csproj", "{A78605E2-C560-4E74-BC38-2FD5071E1455}"
EndProject
Project("{FAE04EC0-301F-11D3-BF4B-00C04F79EFBC}") = "Domain5", "Domain5\Domain5.csproj", "{90C957A5-5C28-4078-9619-3B1D1449CE73}"
EndProject
Project("{FAE04EC0-301F-11D3-BF4B-00C04F79EFBC}") = "Domain6", "Domain6\Domain6.csproj", "{7082BF6D-DAC2-4829-9BBE-9FFEA3FCF3F3}"
EndProject
Project("{FAE04EC0-301F-11D3-BF4B-00C04F79EFBC}") = "Domain7", "Domain7\Domain7.csproj", "{8520135E-2E46-4E3E-AADA-00221D33BB63}"
EndProject
Project("{FAE04EC0-301F-11D3-BF4B-00C04F79EFBC}") = "Chmura2.2", "Chmura2.2\Chmura2.2.csproj", "{84E2EF74-1CF6-4600-8BBF-ECC23F3B0BF5}"
EndProject
Project("{FAE04EC0-301F-11D3-BF4B-00C04F79EFBC}") = "Chmura4.2", "Chmura4.2\Chmura4.2.csproj", "{7CB39233-8F3D-4D6C-8958-D19F6FB831E5}"
EndProject
Project("{FAE04EC0-301F-11D3-BF4B-00C04F79EFBC}") = "Chmura4.3", "Chmura4.3\Chmura4.3.csproj", "{927001A6-315E-4EB1-8A25-345504EF9B74}"
EndProject
Global
	GlobalSection(SolutionConfigurationPlatforms) = preSolution
		Debug|Any CPU = Debug|Any CPU
		Release|Any CPU = Release|Any CPU
	EndGlobalSection
	GlobalSection(ProjectConfigurationPlatforms) = postSolution
		{DF61C513-D9AD-4A6D-874C-F328AC723536}.Debug|Any CPU.ActiveCfg = Debug|Any CPU
		{DF61C513-D9AD-4A6D-874C-F328AC723536}.Debug|Any CPU.Build.0 = Debug|Any CPU
		{DF61C513-D9AD-4A6D-874C-F328AC723536}.Release|Any CPU.ActiveCfg = Release|Any CPU
		{DF61C513-D9AD-4A6D-874C-F328AC723536}.Release|Any CPU.Build.0 = Release|Any CPU
		{A06F2CF0-E50B-4A24-90A3-E35A5279C98C}.Debug|Any CPU.ActiveCfg = Debug|Any CPU
		{A06F2CF0-E50B-4A24-90A3-E35A5279C98C}.Debug|Any CPU.Build.0 = Debug|Any CPU
		{A06F2CF0-E50B-4A24-90A3-E35A5279C98C}.Release|Any CPU.ActiveCfg = Release|Any CPU
		{A06F2CF0-E50B-4A24-90A3-E35A5279C98C}.Release|Any CPU.Build.0 = Release|Any CPU
		{37DE02AD-8736-44F4-8F13-ADBA54BC3B7A}.Debug|Any CPU.ActiveCfg = Debug|Any CPU
		{37DE02AD-8736-44F4-8F13-ADBA54BC3B7A}.Debug|Any CPU.Build.0 = Debug|Any CPU
		{37DE02AD-8736-44F4-8F13-ADBA54BC3B7A}.Release|Any CPU.ActiveCfg = Release|Any CPU
		{37DE02AD-8736-44F4-8F13-ADBA54BC3B7A}.Release|Any CPU.Build.0 = Release|Any CPU
		{CF56311A-11F2-49E1-9AC6-B7D797E60639}.Debug|Any CPU.ActiveCfg = Debug|Any CPU
		{CF56311A-11F2-49E1-9AC6-B7D797E60639}.Debug|Any CPU.Build.0 = Debug|Any CPU
		{CF56311A-11F2-49E1-9AC6-B7D797E60639}.Release|Any CPU.ActiveCfg = Release|Any CPU
		{CF56311A-11F2-49E1-9AC6-B7D797E60639}.Release|Any CPU.Build.0 = Release|Any CPU
		{A9E55FBD-1E4E-4906-9E62-80F92504B900}.Debug|Any CPU.ActiveCfg = Debug|Any CPU
		{A9E55FBD-1E4E-4906-9E62-80F92504B900}.Debug|Any CPU.Build.0 = Debug|Any CPU
		{A9E55FBD-1E4E-4906-9E62-80F92504B900}.Release|Any CPU.ActiveCfg = Release|Any CPU
		{A9E55FBD-1E4E-4906-9E62-80F92504B900}.Release|Any CPU.Build.0 = Release|Any CPU
		{673432FB-177C-4003-AF54-F2F98C3C885F}.Debug|Any CPU.ActiveCfg = Debug|Any CPU
		{673432FB-177C-4003-AF54-F2F98C3C885F}.Debug|Any CPU.Build.0 = Debug|Any CPU
		{673432FB-177C-4003-AF54-F2F98C3C885F}.Release|Any CPU.ActiveCfg = Release|Any CPU
		{673432FB-177C-4003-AF54-F2F98C3C885F}.Release|Any CPU.Build.0 = Release|Any CPU
		{93DAAC42-5CB0-43F7-98B5-FEF8251D0B24}.Debug|Any CPU.ActiveCfg = Debug|Any CPU
		{93DAAC42-5CB0-43F7-98B5-FEF8251D0B24}.Debug|Any CPU.Build.0 = Debug|Any CPU
		{93DAAC42-5CB0-43F7-98B5-FEF8251D0B24}.Release|Any CPU.ActiveCfg = Release|Any CPU
		{93DAAC42-5CB0-43F7-98B5-FEF8251D0B24}.Release|Any CPU.Build.0 = Release|Any CPU
		{CB5D0DDA-365B-43BC-BCC4-5003B2585B5C}.Debug|Any CPU.ActiveCfg = Debug|Any CPU
		{CB5D0DDA-365B-43BC-BCC4-5003B2585B5C}.Debug|Any CPU.Build.0 = Debug|Any CPU
		{CB5D0DDA-365B-43BC-BCC4-5003B2585B5C}.Release|Any CPU.ActiveCfg = Release|Any CPU
		{CB5D0DDA-365B-43BC-BCC4-5003B2585B5C}.Release|Any CPU.Build.0 = Release|Any CPU
		{DF48B0D2-9A65-45AA-A9E2-5549D6DDC71C}.Debug|Any CPU.ActiveCfg = Debug|Any CPU
		{DF48B0D2-9A65-45AA-A9E2-5549D6DDC71C}.Debug|Any CPU.Build.0 = Debug|Any CPU
		{DF48B0D2-9A65-45AA-A9E2-5549D6DDC71C}.Release|Any CPU.ActiveCfg = Release|Any CPU
		{DF48B0D2-9A65-45AA-A9E2-5549D6DDC71C}.Release|Any CPU.Build.0 = Release|Any CPU
		{DBC08D6B-C8B3-4620-9718-AE4DBD4044C7}.Debug|Any CPU.ActiveCfg = Debug|Any CPU
		{DBC08D6B-C8B3-4620-9718-AE4DBD4044C7}.Debug|Any CPU.Build.0 = Debug|Any CPU
		{DBC08D6B-C8B3-4620-9718-AE4DBD4044C7}.Release|Any CPU.ActiveCfg = Release|Any CPU
		{DBC08D6B-C8B3-4620-9718-AE4DBD4044C7}.Release|Any CPU.Build.0 = Release|Any CPU
		{4F4E4088-540B-46FD-91D5-05797892F0CA}.Debug|Any CPU.ActiveCfg = Debug|Any CPU
		{4F4E4088-540B-46FD-91D5-05797892F0CA}.Debug|Any CPU.Build.0 = Debug|Any CPU
		{4F4E4088-540B-46FD-91D5-05797892F0CA}.Release|Any CPU.ActiveCfg = Release|Any CPU
		{4F4E4088-540B-46FD-91D5-05797892F0CA}.Release|Any CPU.Build.0 = Release|Any CPU
		{942FA5C5-6AA2-4055-845B-84302F8E2F4D}.Debug|Any CPU.ActiveCfg = Debug|Any CPU
		{942FA5C5-6AA2-4055-845B-84302F8E2F4D}.Debug|Any CPU.Build.0 = Debug|Any CPU
		{942FA5C5-6AA2-4055-845B-84302F8E2F4D}.Release|Any CPU.ActiveCfg = Release|Any CPU
		{942FA5C5-6AA2-4055-845B-84302F8E2F4D}.Release|Any CPU.Build.0 = Release|Any CPU
		{9529397F-7460-4860-BC83-C6DCDAB9E4E0}.Debug|Any CPU.ActiveCfg = Debug|Any CPU
		{9529397F-7460-4860-BC83-C6DCDAB9E4E0}.Debug|Any CPU.Build.0 = Debug|Any CPU
		{9529397F-7460-4860-BC83-C6DCDAB9E4E0}.Release|Any CPU.ActiveCfg = Release|Any CPU
		{9529397F-7460-4860-BC83-C6DCDAB9E4E0}.Release|Any CPU.Build.0 = Release|Any CPU
		{05A130BD-7E8D-42FB-B881-CCA986AF9D38}.Debug|Any CPU.ActiveCfg = Debug|Any CPU
		{05A130BD-7E8D-42FB-B881-CCA986AF9D38}.Debug|Any CPU.Build.0 = Debug|Any CPU
		{05A130BD-7E8D-42FB-B881-CCA986AF9D38}.Release|Any CPU.ActiveCfg = Release|Any CPU
		{05A130BD-7E8D-42FB-B881-CCA986AF9D38}.Release|Any CPU.Build.0 = Release|Any CPU
		{98B65FF4-C99E-45FE-882B-EA56EFA26F10}.Debug|Any CPU.ActiveCfg = Debug|Any CPU
		{98B65FF4-C99E-45FE-882B-EA56EFA26F10}.Debug|Any CPU.Build.0 = Debug|Any CPU
		{98B65FF4-C99E-45FE-882B-EA56EFA26F10}.Release|Any CPU.ActiveCfg = Release|Any CPU
		{98B65FF4-C99E-45FE-882B-EA56EFA26F10}.Release|Any CPU.Build.0 = Release|Any CPU
		{583818A1-21BE-4D40-BDEB-CFC161A57E8A}.Debug|Any CPU.ActiveCfg = Debug|Any CPU
		{583818A1-21BE-4D40-BDEB-CFC161A57E8A}.Debug|Any CPU.Build.0 = Debug|Any CPU
		{583818A1-21BE-4D40-BDEB-CFC161A57E8A}.Release|Any CPU.ActiveCfg = Release|Any CPU
		{583818A1-21BE-4D40-BDEB-CFC161A57E8A}.Release|Any CPU.Build.0 = Release|Any CPU
		{D1064015-BEFF-4843-988E-691FA17F9BB1}.Debug|Any CPU.ActiveCfg = Debug|Any CPU
		{D1064015-BEFF-4843-988E-691FA17F9BB1}.Debug|Any CPU.Build.0 = Debug|Any CPU
		{D1064015-BEFF-4843-988E-691FA17F9BB1}.Release|Any CPU.ActiveCfg = Release|Any CPU
		{D1064015-BEFF-4843-988E-691FA17F9BB1}.Release|Any CPU.Build.0 = Release|Any CPU
		{A78605E2-C560-4E74-BC38-2FD5071E1455}.Debug|Any CPU.ActiveCfg = Debug|Any CPU
		{A78605E2-C560-4E74-BC38-2FD5071E1455}.Debug|Any CPU.Build.0 = Debug|Any CPU
		{A78605E2-C560-4E74-BC38-2FD5071E1455}.Release|Any CPU.ActiveCfg = Release|Any CPU
		{A78605E2-C560-4E74-BC38-2FD5071E1455}.Release|Any CPU.Build.0 = Release|Any CPU
		{90C957A5-5C28-4078-9619-3B1D1449CE73}.Debug|Any CPU.ActiveCfg = Debug|Any CPU
		{90C957A5-5C28-4078-9619-3B1D1449CE73}.Debug|Any CPU.Build.0 = Debug|Any CPU
		{90C957A5-5C28-4078-9619-3B1D1449CE73}.Release|Any CPU.ActiveCfg = Release|Any CPU
		{90C957A5-5C28-4078-9619-3B1D1449CE73}.Release|Any CPU.Build.0 = Release|Any CPU
		{7082BF6D-DAC2-4829-9BBE-9FFEA3FCF3F3}.Debug|Any CPU.ActiveCfg = Debug|Any CPU
		{7082BF6D-DAC2-4829-9BBE-9FFEA3FCF3F3}.Debug|Any CPU.Build.0 = Debug|Any CPU
		{7082BF6D-DAC2-4829-9BBE-9FFEA3FCF3F3}.Release|Any CPU.ActiveCfg = Release|Any CPU
		{7082BF6D-DAC2-4829-9BBE-9FFEA3FCF3F3}.Release|Any CPU.Build.0 = Release|Any CPU
		{8520135E-2E46-4E3E-AADA-00221D33BB63}.Debug|Any CPU.ActiveCfg = Debug|Any CPU
		{8520135E-2E46-4E3E-AADA-00221D33BB63}.Debug|Any CPU.Build.0 = Debug|Any CPU
		{8520135E-2E46-4E3E-AADA-00221D33BB63}.Release|Any CPU.ActiveCfg = Release|Any CPU
		{8520135E-2E46-4E3E-AADA-00221D33BB63}.Release|Any CPU.Build.0 = Release|Any CPU
		{84E2EF74-1CF6-4600-8BBF-ECC23F3B0BF5}.Debug|Any CPU.ActiveCfg = Debug|Any CPU
		{84E2EF74-1CF6-4600-8BBF-ECC23F3B0BF5}.Debug|Any CPU.Build.0 = Debug|Any CPU
		{84E2EF74-1CF6-4600-8BBF-ECC23F3B0BF5}.Release|Any CPU.ActiveCfg = Release|Any CPU
		{84E2EF74-1CF6-4600-8BBF-ECC23F3B0BF5}.Release|Any CPU.Build.0 = Release|Any CPU
		{7CB39233-8F3D-4D6C-8958-D19F6FB831E5}.Debug|Any CPU.ActiveCfg = Debug|Any CPU
		{7CB39233-8F3D-4D6C-8958-D19F6FB831E5}.Debug|Any CPU.Build.0 = Debug|Any CPU
		{7CB39233-8F3D-4D6C-8958-D19F6FB831E5}.Release|Any CPU.ActiveCfg = Release|Any CPU
		{7CB39233-8F3D-4D6C-8958-D19F6FB831E5}.Release|Any CPU.Build.0 = Release|Any CPU
		{927001A6-315E-4EB1-8A25-345504EF9B74}.Debug|Any CPU.ActiveCfg = Debug|Any CPU
		{927001A6-315E-4EB1-8A25-345504EF9B74}.Debug|Any CPU.Build.0 = Debug|Any CPU
		{927001A6-315E-4EB1-8A25-345504EF9B74}.Release|Any CPU.ActiveCfg = Release|Any CPU
		{927001A6-315E-4EB1-8A25-345504EF9B74}.Release|Any CPU.Build.0 = Release|Any CPU
	EndGlobalSection
	GlobalSection(SolutionProperties) = preSolution
		HideSolutionNode = FALSE
	EndGlobalSection
	GlobalSection(NestedProjects) = preSolution
		{DF61C513-D9AD-4A6D-874C-F328AC723536} = {9989114A-5885-40C7-946A-256A7E98AFEB}
		{A06F2CF0-E50B-4A24-90A3-E35A5279C98C} = {9989114A-5885-40C7-946A-256A7E98AFEB}
		{37DE02AD-8736-44F4-8F13-ADBA54BC3B7A} = {9989114A-5885-40C7-946A-256A7E98AFEB}
		{CF56311A-11F2-49E1-9AC6-B7D797E60639} = {CE1BB40E-FDF2-4A6D-9B6E-2CA9D4116F3B}
		{A9E55FBD-1E4E-4906-9E62-80F92504B900} = {CE1BB40E-FDF2-4A6D-9B6E-2CA9D4116F3B}
		{673432FB-177C-4003-AF54-F2F98C3C885F} = {CE1BB40E-FDF2-4A6D-9B6E-2CA9D4116F3B}
		{93DAAC42-5CB0-43F7-98B5-FEF8251D0B24} = {53874A80-C156-4415-902B-C5DDC74B3C1E}
		{CB5D0DDA-365B-43BC-BCC4-5003B2585B5C} = {53874A80-C156-4415-902B-C5DDC74B3C1E}
		{DF48B0D2-9A65-45AA-A9E2-5549D6DDC71C} = {53874A80-C156-4415-902B-C5DDC74B3C1E}
		{DBC08D6B-C8B3-4620-9718-AE4DBD4044C7} = {D379131A-0EEA-4163-BF85-1FC196465D14}
		{4F4E4088-540B-46FD-91D5-05797892F0CA} = {19BD30FF-6991-4F33-9B91-8A266D15691F}
		{942FA5C5-6AA2-4055-845B-84302F8E2F4D} = {523F21F7-550C-4EAE-8F08-06593DFB0A7E}
		{9529397F-7460-4860-BC83-C6DCDAB9E4E0} = {A0F61D76-AF59-4E91-A442-A117BDF8DE37}
		{05A130BD-7E8D-42FB-B881-CCA986AF9D38} = {D379131A-0EEA-4163-BF85-1FC196465D14}
		{98B65FF4-C99E-45FE-882B-EA56EFA26F10} = {19BD30FF-6991-4F33-9B91-8A266D15691F}
		{583818A1-21BE-4D40-BDEB-CFC161A57E8A} = {523F21F7-550C-4EAE-8F08-06593DFB0A7E}
		{D1064015-BEFF-4843-988E-691FA17F9BB1} = {A0F61D76-AF59-4E91-A442-A117BDF8DE37}
		{A78605E2-C560-4E74-BC38-2FD5071E1455} = {D379131A-0EEA-4163-BF85-1FC196465D14}
		{90C957A5-5C28-4078-9619-3B1D1449CE73} = {19BD30FF-6991-4F33-9B91-8A266D15691F}
		{7082BF6D-DAC2-4829-9BBE-9FFEA3FCF3F3} = {523F21F7-550C-4EAE-8F08-06593DFB0A7E}
		{8520135E-2E46-4E3E-AADA-00221D33BB63} = {A0F61D76-AF59-4E91-A442-A117BDF8DE37}
		{84E2EF74-1CF6-4600-8BBF-ECC23F3B0BF5} = {CE1BB40E-FDF2-4A6D-9B6E-2CA9D4116F3B}
		{7CB39233-8F3D-4D6C-8958-D19F6FB831E5} = {D379131A-0EEA-4163-BF85-1FC196465D14}
		{927001A6-315E-4EB1-8A25-345504EF9B74} = {D379131A-0EEA-4163-BF85-1FC196465D14}
	EndGlobalSection
EndGlobal
